github.com/PuerkitoBio/goquery v1.5.0 h1:uGvmFXOA73IKluu/F84Xd1tt/z07GYm8X49XKHP7EJk=
github.com/PuerkitoBio/goquery v1.5.0/go.mod h1:qD2PgZ9lccMbQlc7eEOjaeRlFQON7xY8kdmcsrnKqMg=
github.com/andybalholm/cascadia v1.0.0 h1:hOCXnnZ5A+3eVDX8pvgl4kofXv2ELss0bKcqRySc45o=
github.com/andybalholm/cascadia v1.0.0/go.mod h1:GsXiBklL0woXo1j/WYWtSYYC4ouU9PqHO0sqidkEA4Y=
github.com/headzoo/surf v1.0.0 h1:d2h9ftKeQYj7tKqAjQtAA0lJVkO8cTxvzdXLynmNnHM=
github.com/headzoo/surf v1.0.0/go.mod h1:/bct0m/iMNEqpn520y01yoaWxsAEigGFPnvyR1ewR5M=
github.com/headzoo/ut v0.0.0-20181013193318-a13b5a7a02ca h1:utFgFwgxaqx5OthzE3DSGrtOq7rox5r2sxZ2wbfTuK0=
github.com/headzoo/ut v0.0.0-20181013193318-a13b5a7a02ca/go.mod h1:8926sG02TCOX4RFRzIMFIzRw4xuc/TwO2gtN7teMJZ4=
golang.org/x/crypto v0.0.0-20190308221718-c2843e01d9a2/go.mod h1:djNgcEr1/C05ACkg1iLfiJU5Ep61QUkGW8qpdssI0+w=
golang.org/x/net v0.0.0-20180218175443-cbe0f9307d01/go.mod h1:mL1N/T3taQHkDXs73rZJwtUhF3w3ftmwwsq0BUmARs4=
golang.org/x/net v0.0.0-20181114220301-adae6a3d119a/go.mod h1:mL1N/T3taQHkDXs73rZJwtUhF3w3ftmwwsq0BUmARs4=
golang.org/x/net v0.0.0-20190206173232-65e2d4e15006 h1:bfLnR+k0tq5Lqt6dflRLcZiz6UaXCMt3vhYJ1l4FQ80=
golang.org/x/net v0.0.0-20190206173232-65e2d4e15006/go.mod h1:mL1N/T3taQHkDXs73rZJwtUhF3w3ftmwwsq0BUmARs4=
golang.org/x/net v0.0.0-20190317185814-9f648a60d977/go.mod h1:t9HGtf8HONx5eT2rtn7q6eTqICYqUVnKs3thJo3Qplg=
golang.org/x/net v0.0.0-20190318234549-d196dffd7c2b/go.mod h1:t9HGtf8HONx5eT2rtn7q6eTqICYqUVnKs3thJo3Qplg=
golang.org/x/net v0.0.0-20190320074800-1272bf9dcd53/go.mod h1:t9HGtf8HONx5eT2rtn7q6eTqICYqUVnKs3thJo3Qplg=
golang.org/x/net v0.0.0-20190322175823-addf6b3196f6 h1:7cpRr8mbWQA8EEf9wzQ5w3sPrii6Os+eoCOFPM4WFYo=
golang.org/x/net v0.0.0-20190322175823-addf6b3196f6/go.mod h1:t9HGtf8HONx5eT2rtn7q6eTqICYqUVnKs3thJo3Qplg=
golang.org/x/net v0.0.0-20190324225735-e3b2ff56ed87 h1:ioIQDZwelzPHjANJ+BhjniTXxsmxNsOfrs66hLE/Zko=
golang.org/x/net v0.0.0-20190324225735-e3b2ff56ed87/go.mod h1:t9HGtf8HONx5eT2rtn7q6eTqICYqUVnKs3thJo3Qplg=
golang.org/x/net v0.0.0-20190326094125-15845e8f865b h1:607Q4L3wfC0nmlASkZbXdUx/XT7uaAtKrugFisLi1Vw=
golang.org/x/net v0.0.0-20190326094125-15845e8f865b/go.mod h1:t9HGtf8HONx5eT2rtn7q6eTqICYqUVnKs3thJo3Qplg=
golang.org/x/net v0.0.0-20190327044847-74e053c68e29 h1:0Je6Czp7vX+7a58F5d0UIc8urzcWwhSsGzOK4DggQgI=
golang.org/x/net v0.0.0-20190327044847-74e053c68e29/go.mod h1:t9HGtf8HONx5eT2rtn7q6eTqICYqUVnKs3thJo3Qplg=
golang.org/x/net v0.0.0-20190327100000-710a502c58a2 h1:/cM3ozlgkaP/k1mcAgkNxOiQ7WhBWfQ+sJna43+iJyI=
golang.org/x/net v0.0.0-20190327100000-710a502c58a2/go.mod h1:t9HGtf8HONx5eT2rtn7q6eTqICYqUVnKs3thJo3Qplg=
golang.org/x/net v0.0.0-20190327225226-63eda1eb0650 h1:zoMGYvt13tZ4G+qTrK8uuECcn0KSlWW+vIk0jzAtdXQ=
golang.org/x/net v0.0.0-20190327225226-63eda1eb0650/go.mod h1:t9HGtf8HONx5eT2rtn7q6eTqICYqUVnKs3thJo3Qplg=
golang.org/x/net v0.0.0-20190329004230-74de082e2cca h1:yw92wydfW2gymHt7G2JcOwktSb2/aA9TvFM5HbQkw8o=
golang.org/x/net v0.0.0-20190329004230-74de082e2cca/go.mod h1:t9HGtf8HONx5eT2rtn7q6eTqICYqUVnKs3thJo3Qplg=
golang.org/x/net v0.0.0-20190403155115-b630fd6fe46b h1:vawSoVCldu/A0zzgCDy5teXdHgvKZR8r0zvjWJklpkQ=
golang.org/x/net v0.0.0-20190403155115-b630fd6fe46b/go.mod h1:t9HGtf8HONx5eT2rtn7q6eTqICYqUVnKs3thJo3Qplg=
golang.org/x/net v0.0.0-20190405005950-eb5bcb51f2a3 h1:WBJXtEIJU8EbFhA+4UjtHgOx0Wg6TV/lXDjAhZVKQwA=
golang.org/x/net v0.0.0-20190405005950-eb5bcb51f2a3/go.mod h1:t9HGtf8HONx5eT2rtn7q6eTqICYqUVnKs3thJo3Qplg=
golang.org/x/net v0.0.0-20190415105117-4a65cf94b679 h1:PwEd0Qa3Ni3UEJIw1lMYhsQIRlUaZ3JxwOHSdKujgUk=
golang.org/x/net v0.0.0-20190415105117-4a65cf94b679/go.mod h1:t9HGtf8HONx5eT2rtn7q6eTqICYqUVnKs3thJo3Qplg=
golang.org/x/net v0.0.0-20190415225018-1da14a5a36f2 h1:IIAoUAA7g9wtvaJ0K0UhIxX0MQ+RlYu3HmXuZAPa7KU=
golang.org/x/net v0.0.0-20190415225018-1da14a5a36f2/go.mod h1:t9HGtf8HONx5eT2rtn7q6eTqICYqUVnKs3thJo3Qplg=
golang.org/x/net v0.0.0-20190419015019-1f3472d942ba h1:UQyhBzAoNfYry+800kO8RhILOtDsvTHOfcnyJ/U88Xc=
golang.org/x/net v0.0.0-20190419015019-1f3472d942ba/go.mod h1:t9HGtf8HONx5eT2rtn7q6eTqICYqUVnKs3thJo3Qplg=
golang.org/x/net v0.0.0-20190420065128-afa5a82059c6 h1:1720boeAZro99P6EP8BlU+TyYVs/eM8HJTzJwwvAbAk=
golang.org/x/net v0.0.0-20190420065128-afa5a82059c6/go.mod h1:t9HGtf8HONx5eT2rtn7q6eTqICYqUVnKs3thJo3Qplg=
golang.org/x/net v0.0.0-20190424035100-afe8014c977f h1:AdrEFSB0VljoT3WKx6s/adMPkhLZCGHOCZ/kg52kE7w=
golang.org/x/net v0.0.0-20190424035100-afe8014c977f/go.mod h1:t9HGtf8HONx5eT2rtn7q6eTqICYqUVnKs3thJo3Qplg=
golang.org/x/net v0.0.0-20190424114239-4829fb13d2c6 h1:Bs3mSDGt/NerMQ4Jc5/w8A93aH++oEUG7G2bZN1u99E=
golang.org/x/net v0.0.0-20190424114239-4829fb13d2c6/go.mod h1:t9HGtf8HONx5eT2rtn7q6eTqICYqUVnKs3thJo3Qplg=
golang.org/x/net v0.0.0-20190509223716-a4d6f7feada5 h1:/iWfOEMwv5v8C8fjH6Zten9Dfm0JWXQbGSD4tbe1fIk=
golang.org/x/net v0.0.0-20190509223716-a4d6f7feada5/go.mod h1:t9HGtf8HONx5eT2rtn7q6eTqICYqUVnKs3thJo3Qplg=
golang.org/x/net v0.0.0-20190522164945-f3200d17e092 h1:m4dQNxkgaAVWdcdLGdgetUG32JzOfzkqz43S9gscbaM=
golang.org/x/net v0.0.0-20190522164945-f3200d17e092/go.mod h1:HSz+uSET+XFnRR8LxR5pz3Of3rY3CfYBVs4xY44aLks=
golang.org/x/sys v0.0.0-20190215142949-d0b11bdaac8a/go.mod h1:STP8DvDyc/dI5b8T5hshtkjS+E42TnysNCUPdjciGhY=
golang.org/x/text v0.3.0/go.mod h1:NqM8EUOU14njkJ3fqMW+pc6Ldnwhi/IjpwHt7yyuwOQ=
