github.com/PuerkitoBio/goquery v1.5.0 h1:uGvmFXOA73IKluu/F84Xd1tt/z07GYm8X49XKHP7EJk=
github.com/PuerkitoBio/goquery v1.5.0/go.mod h1:qD2PgZ9lccMbQlc7eEOjaeRlFQON7xY8kdmcsrnKqMg=
github.com/PuerkitoBio/goquery v1.5.1 h1:PSPBGne8NIUWw+/7vFBV+kG2J/5MOjbzc7154OaKCSE=
github.com/PuerkitoBio/goquery v1.5.1/go.mod h1:GsLWisAFVj4WgDibEWF4pvYnkVQBpKBKeU+7zCJoLcc=
github.com/PuerkitoBio/goquery v1.6.0 h1:j7taAbelrdcsOlGeMenZxc2AWXD5fieT1/znArdnx94=
github.com/PuerkitoBio/goquery v1.6.0/go.mod h1:GsLWisAFVj4WgDibEWF4pvYnkVQBpKBKeU+7zCJoLcc=
github.com/andybalholm/cascadia v1.0.0 h1:hOCXnnZ5A+3eVDX8pvgl4kofXv2ELss0bKcqRySc45o=
github.com/andybalholm/cascadia v1.0.0/go.mod h1:GsXiBklL0woXo1j/WYWtSYYC4ouU9PqHO0sqidkEA4Y=
github.com/andybalholm/cascadia v1.1.0 h1:BuuO6sSfQNFRu1LppgbD25Hr2vLYW25JvxHs5zzsLTo=
github.com/andybalholm/cascadia v1.1.0/go.mod h1:GsXiBklL0woXo1j/WYWtSYYC4ouU9PqHO0sqidkEA4Y=
github.com/davecgh/go-spew v1.1.0 h1:ZDRjVQ15GmhC3fiQ8ni8+OwkZQO4DARzQgrnXU1Liz8=
github.com/davecgh/go-spew v1.1.0/go.mod h1:J7Y8YcW2NihsgmVo/mv3lAwl/skON4iLHjSsI+c5H38=
github.com/headzoo/surf v1.0.0 h1:d2h9ftKeQYj7tKqAjQtAA0lJVkO8cTxvzdXLynmNnHM=
github.com/headzoo/surf v1.0.0/go.mod h1:/bct0m/iMNEqpn520y01yoaWxsAEigGFPnvyR1ewR5M=
github.com/headzoo/ut v0.0.0-20181013193318-a13b5a7a02ca h1:utFgFwgxaqx5OthzE3DSGrtOq7rox5r2sxZ2wbfTuK0=
github.com/headzoo/ut v0.0.0-20181013193318-a13b5a7a02ca/go.mod h1:8926sG02TCOX4RFRzIMFIzRw4xuc/TwO2gtN7teMJZ4=
github.com/pmezard/go-difflib v1.0.0 h1:4DBwDE0NGyQoBHbLQYPwSUPoCMWR5BEzIk/f1lZbAQM=
github.com/pmezard/go-difflib v1.0.0/go.mod h1:iKH77koFhYxTK1pcRnkKkqfTogsbg7gZNVY4sRDYZ/4=
github.com/stretchr/objx v0.1.0 h1:4G4v2dO3VZwixGIRoQ5Lfboy6nUhCyYzaqnIAPPhYs4=
github.com/stretchr/objx v0.1.0/go.mod h1:HFkY916IF+rwdDfMAkV7OtwuqBVzrE8GR6GFx+wExME=
github.com/stretchr/testify v1.4.0 h1:2E4SXV/wtOkTonXsotYi4li6zVWxYlZuYNCXe9XRJyk=
github.com/stretchr/testify v1.4.0/go.mod h1:j7eGeouHqKxXV5pUuKE4zz7dFj8WfuZ+81PSLYec5m4=
github.com/stretchr/testify v1.5.0/go.mod h1:5W2xD1RspED5o8YsWQXVCued0rvSQ+mT+I5cxcmMvtA=
github.com/stretchr/testify v1.5.1/go.mod h1:5W2xD1RspED5o8YsWQXVCued0rvSQ+mT+I5cxcmMvtA=
github.com/stretchr/testify v1.6.1/go.mod h1:6Fq8oRcR53rry900zMqJjRRixrwX3KX962/h/Wwjteg=
golang.org/x/crypto v0.0.0-20190308221718-c2843e01d9a2/go.mod h1:djNgcEr1/C05ACkg1iLfiJU5Ep61QUkGW8qpdssI0+w=
golang.org/x/net v0.0.0-20180218175443-cbe0f9307d01/go.mod h1:mL1N/T3taQHkDXs73rZJwtUhF3w3ftmwwsq0BUmARs4=
golang.org/x/net v0.0.0-20181114220301-adae6a3d119a/go.mod h1:mL1N/T3taQHkDXs73rZJwtUhF3w3ftmwwsq0BUmARs4=
golang.org/x/net v0.0.0-20190206173232-65e2d4e15006 h1:bfLnR+k0tq5Lqt6dflRLcZiz6UaXCMt3vhYJ1l4FQ80=
golang.org/x/net v0.0.0-20190206173232-65e2d4e15006/go.mod h1:mL1N/T3taQHkDXs73rZJwtUhF3w3ftmwwsq0BUmARs4=
golang.org/x/net v0.0.0-20190317185814-9f648a60d977/go.mod h1:t9HGtf8HONx5eT2rtn7q6eTqICYqUVnKs3thJo3Qplg=
golang.org/x/net v0.0.0-20190318234549-d196dffd7c2b/go.mod h1:t9HGtf8HONx5eT2rtn7q6eTqICYqUVnKs3thJo3Qplg=
golang.org/x/net v0.0.0-20190320074800-1272bf9dcd53/go.mod h1:t9HGtf8HONx5eT2rtn7q6eTqICYqUVnKs3thJo3Qplg=
golang.org/x/net v0.0.0-20190322175823-addf6b3196f6 h1:7cpRr8mbWQA8EEf9wzQ5w3sPrii6Os+eoCOFPM4WFYo=
golang.org/x/net v0.0.0-20190322175823-addf6b3196f6/go.mod h1:t9HGtf8HONx5eT2rtn7q6eTqICYqUVnKs3thJo3Qplg=
golang.org/x/net v0.0.0-20190324225735-e3b2ff56ed87 h1:ioIQDZwelzPHjANJ+BhjniTXxsmxNsOfrs66hLE/Zko=
golang.org/x/net v0.0.0-20190324225735-e3b2ff56ed87/go.mod h1:t9HGtf8HONx5eT2rtn7q6eTqICYqUVnKs3thJo3Qplg=
golang.org/x/net v0.0.0-20190326094125-15845e8f865b h1:607Q4L3wfC0nmlASkZbXdUx/XT7uaAtKrugFisLi1Vw=
golang.org/x/net v0.0.0-20190326094125-15845e8f865b/go.mod h1:t9HGtf8HONx5eT2rtn7q6eTqICYqUVnKs3thJo3Qplg=
golang.org/x/net v0.0.0-20190327044847-74e053c68e29 h1:0Je6Czp7vX+7a58F5d0UIc8urzcWwhSsGzOK4DggQgI=
golang.org/x/net v0.0.0-20190327044847-74e053c68e29/go.mod h1:t9HGtf8HONx5eT2rtn7q6eTqICYqUVnKs3thJo3Qplg=
golang.org/x/net v0.0.0-20190327100000-710a502c58a2 h1:/cM3ozlgkaP/k1mcAgkNxOiQ7WhBWfQ+sJna43+iJyI=
golang.org/x/net v0.0.0-20190327100000-710a502c58a2/go.mod h1:t9HGtf8HONx5eT2rtn7q6eTqICYqUVnKs3thJo3Qplg=
golang.org/x/net v0.0.0-20190327225226-63eda1eb0650 h1:zoMGYvt13tZ4G+qTrK8uuECcn0KSlWW+vIk0jzAtdXQ=
golang.org/x/net v0.0.0-20190327225226-63eda1eb0650/go.mod h1:t9HGtf8HONx5eT2rtn7q6eTqICYqUVnKs3thJo3Qplg=
golang.org/x/net v0.0.0-20190329004230-74de082e2cca h1:yw92wydfW2gymHt7G2JcOwktSb2/aA9TvFM5HbQkw8o=
golang.org/x/net v0.0.0-20190329004230-74de082e2cca/go.mod h1:t9HGtf8HONx5eT2rtn7q6eTqICYqUVnKs3thJo3Qplg=
golang.org/x/net v0.0.0-20190403155115-b630fd6fe46b h1:vawSoVCldu/A0zzgCDy5teXdHgvKZR8r0zvjWJklpkQ=
golang.org/x/net v0.0.0-20190403155115-b630fd6fe46b/go.mod h1:t9HGtf8HONx5eT2rtn7q6eTqICYqUVnKs3thJo3Qplg=
golang.org/x/net v0.0.0-20190405005950-eb5bcb51f2a3 h1:WBJXtEIJU8EbFhA+4UjtHgOx0Wg6TV/lXDjAhZVKQwA=
golang.org/x/net v0.0.0-20190405005950-eb5bcb51f2a3/go.mod h1:t9HGtf8HONx5eT2rtn7q6eTqICYqUVnKs3thJo3Qplg=
golang.org/x/net v0.0.0-20190415105117-4a65cf94b679 h1:PwEd0Qa3Ni3UEJIw1lMYhsQIRlUaZ3JxwOHSdKujgUk=
golang.org/x/net v0.0.0-20190415105117-4a65cf94b679/go.mod h1:t9HGtf8HONx5eT2rtn7q6eTqICYqUVnKs3thJo3Qplg=
golang.org/x/net v0.0.0-20190415225018-1da14a5a36f2 h1:IIAoUAA7g9wtvaJ0K0UhIxX0MQ+RlYu3HmXuZAPa7KU=
golang.org/x/net v0.0.0-20190415225018-1da14a5a36f2/go.mod h1:t9HGtf8HONx5eT2rtn7q6eTqICYqUVnKs3thJo3Qplg=
golang.org/x/net v0.0.0-20190419015019-1f3472d942ba h1:UQyhBzAoNfYry+800kO8RhILOtDsvTHOfcnyJ/U88Xc=
golang.org/x/net v0.0.0-20190419015019-1f3472d942ba/go.mod h1:t9HGtf8HONx5eT2rtn7q6eTqICYqUVnKs3thJo3Qplg=
golang.org/x/net v0.0.0-20190420065128-afa5a82059c6 h1:1720boeAZro99P6EP8BlU+TyYVs/eM8HJTzJwwvAbAk=
golang.org/x/net v0.0.0-20190420065128-afa5a82059c6/go.mod h1:t9HGtf8HONx5eT2rtn7q6eTqICYqUVnKs3thJo3Qplg=
golang.org/x/net v0.0.0-20190424035100-afe8014c977f h1:AdrEFSB0VljoT3WKx6s/adMPkhLZCGHOCZ/kg52kE7w=
golang.org/x/net v0.0.0-20190424035100-afe8014c977f/go.mod h1:t9HGtf8HONx5eT2rtn7q6eTqICYqUVnKs3thJo3Qplg=
golang.org/x/net v0.0.0-20190424114239-4829fb13d2c6 h1:Bs3mSDGt/NerMQ4Jc5/w8A93aH++oEUG7G2bZN1u99E=
golang.org/x/net v0.0.0-20190424114239-4829fb13d2c6/go.mod h1:t9HGtf8HONx5eT2rtn7q6eTqICYqUVnKs3thJo3Qplg=
golang.org/x/net v0.0.0-20190509223716-a4d6f7feada5 h1:/iWfOEMwv5v8C8fjH6Zten9Dfm0JWXQbGSD4tbe1fIk=
golang.org/x/net v0.0.0-20190509223716-a4d6f7feada5/go.mod h1:t9HGtf8HONx5eT2rtn7q6eTqICYqUVnKs3thJo3Qplg=
golang.org/x/net v0.0.0-20190603094635-60506f45cf65 h1:lCHrZSBRKc8iXsvHrHzTWNx9EBG1+QBOhce0duySF0M=
golang.org/x/net v0.0.0-20190603094635-60506f45cf65/go.mod h1:HSz+uSET+XFnRR8LxR5pz3Of3rY3CfYBVs4xY44aLks=
golang.org/x/net v0.0.0-20190606175010-1492cefac77f h1:IyAAE/xzylCglw6lm2Et3NBek8R6h34cSD/JnnjC7Ig=
golang.org/x/net v0.0.0-20190606175010-1492cefac77f/go.mod h1:HSz+uSET+XFnRR8LxR5pz3Of3rY3CfYBVs4xY44aLks=
golang.org/x/net v0.0.0-20190607194224-461777fb6f67 h1:Og9b11g8rfBPXsNyqisqvHKq4iD0Jqkl+Vz83iDFC5A=
golang.org/x/net v0.0.0-20190607194224-461777fb6f67/go.mod h1:z5CRVTTTmAJ677TzLLGU+0bjPO0LkuOLi4/5GtJWs/s=
golang.org/x/net v0.0.0-20190611143651-3f473d35a33a h1:kNcSciraspl+cyEfImyyMGjn1tXn+PZjcojV3S7X1HE=
golang.org/x/net v0.0.0-20190611143651-3f473d35a33a/go.mod h1:z5CRVTTTmAJ677TzLLGU+0bjPO0LkuOLi4/5GtJWs/s=
golang.org/x/net v0.0.0-20190619033001-b5b0513f8c1b h1:Z1nl9BZE+if45gCr5x5je8KC4rRmF5dTYS95rWy36z0=
golang.org/x/net v0.0.0-20190619033001-b5b0513f8c1b/go.mod h1:z5CRVTTTmAJ677TzLLGU+0bjPO0LkuOLi4/5GtJWs/s=
golang.org/x/net v0.0.0-20190620205619-3b0461eec859 h1:Mrlac8lRGqfo624nmuCWNMYO0lDaPYrPBMj25KYUk44=
golang.org/x/net v0.0.0-20190620205619-3b0461eec859/go.mod h1:z5CRVTTTmAJ677TzLLGU+0bjPO0LkuOLi4/5GtJWs/s=
golang.org/x/net v0.0.0-20190628194908-da137c7871d7 h1:W4/zWK9SkS5flXDanltMkWz+mK+Qwj4IudgP2lxq0d0=
golang.org/x/net v0.0.0-20190628194908-da137c7871d7/go.mod h1:z5CRVTTTmAJ677TzLLGU+0bjPO0LkuOLi4/5GtJWs/s=
golang.org/x/net v0.0.0-20190724023408-ca1201d0de80 h1:b/BJv1r5U0rRL4rr8LtX4ZVpYSGtPgwwDWtDNoa+BjU=
golang.org/x/net v0.0.0-20190724023408-ca1201d0de80/go.mod h1:z5CRVTTTmAJ677TzLLGU+0bjPO0LkuOLi4/5GtJWs/s=
golang.org/x/net v0.0.0-20190813205223-74dc4d7220e7 h1:B9k4ns+I+tWZAg8t1ZwlPXIOLR4ub5brbEifEbvApVI=
golang.org/x/net v0.0.0-20190813205223-74dc4d7220e7/go.mod h1:z5CRVTTTmAJ677TzLLGU+0bjPO0LkuOLi4/5GtJWs/s=
golang.org/x/net v0.0.0-20190827160401-ba9fcec4b297 h1:k7pJ2yAPLPgbskkFdhRCsA77k2fySZ1zf2zCjvQCiIM=
golang.org/x/net v0.0.0-20190827160401-ba9fcec4b297/go.mod h1:z5CRVTTTmAJ677TzLLGU+0bjPO0LkuOLi4/5GtJWs/s=
golang.org/x/net v0.0.0-20190909003024-a7b16738d86b h1:XfVGCX+0T4WOStkaOsJRllbsiImhB2jgVBGc9L0lPGc=
golang.org/x/net v0.0.0-20190909003024-a7b16738d86b/go.mod h1:z5CRVTTTmAJ677TzLLGU+0bjPO0LkuOLi4/5GtJWs/s=
golang.org/x/net v0.0.0-20190912160710-24e19bdeb0f2 h1:4dVFTC832rPn4pomLSz1vA+are2+dU19w1H8OngV7nc=
golang.org/x/net v0.0.0-20190912160710-24e19bdeb0f2/go.mod h1:z5CRVTTTmAJ677TzLLGU+0bjPO0LkuOLi4/5GtJWs/s=
golang.org/x/net v0.0.0-20190916140828-c8589233b77d h1:mCMDWKhNO37A7GAhOpHPbIw1cjd0V86kX1/WA9c7FZ8=
golang.org/x/net v0.0.0-20190916140828-c8589233b77d/go.mod h1:z5CRVTTTmAJ677TzLLGU+0bjPO0LkuOLi4/5GtJWs/s=
golang.org/x/net v0.0.0-20190918130420-a8b05e9114ab h1:h5tBRKZ1aY/bo6GNqe/4zWC8GkaLOFQ5wPKIOQ0i2sA=
golang.org/x/net v0.0.0-20190918130420-a8b05e9114ab/go.mod h1:z5CRVTTTmAJ677TzLLGU+0bjPO0LkuOLi4/5GtJWs/s=
golang.org/x/net v0.0.0-20190921015927-1a5e07d1ff72 h1:PdU68SuVQNpTFEyGl0zoQOMysY+E0innv/QbAqV853w=
golang.org/x/net v0.0.0-20190921015927-1a5e07d1ff72/go.mod h1:z5CRVTTTmAJ677TzLLGU+0bjPO0LkuOLi4/5GtJWs/s=
golang.org/x/net v0.0.0-20190923162816-aa69164e4478 h1:l5EDrHhldLYb3ZRHDUhXF7Om7MvYXnkV9/iQNo1lX6g=
golang.org/x/net v0.0.0-20190923162816-aa69164e4478/go.mod h1:z5CRVTTTmAJ677TzLLGU+0bjPO0LkuOLi4/5GtJWs/s=
golang.org/x/net v0.0.0-20190926025831-c00fd9afed17 h1:qPnAdmjNA41t3QBTx2mFGf/SD1IoslhYu7AmdsVzCcs=
golang.org/x/net v0.0.0-20190926025831-c00fd9afed17/go.mod h1:z5CRVTTTmAJ677TzLLGU+0bjPO0LkuOLi4/5GtJWs/s=
golang.org/x/net v0.0.0-20190930134127-c5a3c61f89f3 h1:6KET3Sqa7fkVfD63QnAM81ZeYg5n4HwApOJkufONnHA=
golang.org/x/net v0.0.0-20190930134127-c5a3c61f89f3/go.mod h1:z5CRVTTTmAJ677TzLLGU+0bjPO0LkuOLi4/5GtJWs/s=
golang.org/x/net v0.0.0-20191002035440-2ec189313ef0 h1:2mqDk8w/o6UmeUCu5Qiq2y7iMf6anbx+YA8d1JFoFrs=
golang.org/x/net v0.0.0-20191002035440-2ec189313ef0/go.mod h1:z5CRVTTTmAJ677TzLLGU+0bjPO0LkuOLi4/5GtJWs/s=
golang.org/x/net v0.0.0-20191003171128-d98b1b443823/go.mod h1:z5CRVTTTmAJ677TzLLGU+0bjPO0LkuOLi4/5GtJWs/s=
golang.org/x/net v0.0.0-20191007182048-72f939374954/go.mod h1:z5CRVTTTmAJ677TzLLGU+0bjPO0LkuOLi4/5GtJWs/s=
golang.org/x/net v0.0.0-20191009170851-d66e71096ffb h1:TR699M2v0qoKTOHxeLgp6zPqaQNs74f01a/ob9W0qko=
golang.org/x/net v0.0.0-20191009170851-d66e71096ffb/go.mod h1:z5CRVTTTmAJ677TzLLGU+0bjPO0LkuOLi4/5GtJWs/s=
golang.org/x/net v0.0.0-20191011234655-491137f69257 h1:ry8e2D+cwaV6hk7lb3aRTjjZo24shrbK0e11QEOkTIg=
golang.org/x/net v0.0.0-20191011234655-491137f69257/go.mod h1:z5CRVTTTmAJ677TzLLGU+0bjPO0LkuOLi4/5GtJWs/s=
golang.org/x/net v0.0.0-20191014212845-da9a3fd4c582/go.mod h1:z5CRVTTTmAJ677TzLLGU+0bjPO0LkuOLi4/5GtJWs/s=
golang.org/x/net v0.0.0-20200202094626-16171245cfb2 h1:CCH4IOTTfewWjGOlSp+zGcjutRKlBEZQ6wTn8ozI/nI=
golang.org/x/net v0.0.0-20200202094626-16171245cfb2/go.mod h1:z5CRVTTTmAJ677TzLLGU+0bjPO0LkuOLi4/5GtJWs/s=
golang.org/x/sys v0.0.0-20190215142949-d0b11bdaac8a/go.mod h1:STP8DvDyc/dI5b8T5hshtkjS+E42TnysNCUPdjciGhY=
golang.org/x/text v0.3.0/go.mod h1:NqM8EUOU14njkJ3fqMW+pc6Ldnwhi/IjpwHt7yyuwOQ=
gopkg.in/check.v1 v0.0.0-20161208181325-20d25e280405/go.mod h1:Co6ibVJAznAaIkqp8huTwlJQCZ016jof/cbN4VW5Yz0=
gopkg.in/yaml.v2 v2.2.2 h1:ZCJp+EgiOT7lHqUV2J862kp8Qj64Jo6az82+3Td9dZw=
gopkg.in/yaml.v2 v2.2.2/go.mod h1:hI93XBmqTisBFMUTm0b8Fm+jr3Dg1NNxqwp+5A1VGuI=
gopkg.in/yaml.v3 v3.0.0-20200313102051-9f266ea9e77c/go.mod h1:K4uyk7z7BCEPqu6E+C64Yfv1cQ7kz7rIZviUmN+EgEM=
